{
  "lockfile_version": "1",
  "packages": {
    "awscli2@latest": {
      "last_modified": "2025-11-30T18:29:45Z",
      "resolved": "github:NixOS/nixpkgs/23258e03aaa49b3a68597e3e50eb0cbce7e42e9d#awscli2",
      "source": "devbox-search",
      "version": "2.31.39",
      "systems": {
        "aarch64-darwin": {
          "outputs": [
            {
              "name": "out",
              "path": "/nix/store/h4b0scch07rfyy3jr5lv3cmj7myhn1nl-awscli2-2.31.39",
              "default": true
            },
            {
              "name": "dist",
              "path": "/nix/store/nhnmx2dgfd8rd8pnyv396qzsq4gf0933-awscli2-2.31.39-dist"
            }
          ],
          "store_path": "/nix/store/h4b0scch07rfyy3jr5lv3cmj7myhn1nl-awscli2-2.31.39"
        },
        "aarch64-linux": {
          "outputs": [
            {
              "name": "out",
              "path": "/nix/store/bxbryfgqh3srva8c7snqr97iir5qrjka-awscli2-2.31.39",
              "default": true
            },
            {
              "name": "dist",
              "path": "/nix/store/gc65qq3jlkk17ajk4yscz5j1kws6bcmb-awscli2-2.31.39-dist"
            }
          ],
          "store_path": "/nix/store/bxbryfgqh3srva8c7snqr97iir5qrjka-awscli2-2.31.39"
        },
        "x86_64-darwin": {
          "outputs": [
            {
              "name": "out",
              "path": "/nix/store/lpzh5s8cgp0z8a5l8dscmx2v0hcr3adm-awscli2-2.31.39",
              "default": true
            },
            {
              "name": "dist",
              "path": "/nix/store/dxaq2vpl8pykf25bydc433mq521iha4q-awscli2-2.31.39-dist"
            }
          ],
          "store_path": "/nix/store/lpzh5s8cgp0z8a5l8dscmx2v0hcr3adm-awscli2-2.31.39"
        },
        "x86_64-linux": {
          "outputs": [
            {
              "name": "out",
              "path": "/nix/store/g0i13qaim2j6amiz22qzxinxyvgs0pb3-awscli2-2.31.39",
              "default": true
            },
            {
              "name": "dist",
              "path": "/nix/store/b2l8xsgwsw7sg0jwwbsz53rpnv1sc1ns-awscli2-2.31.39-dist"
            }
          ],
          "store_path": "/nix/store/g0i13qaim2j6amiz22qzxinxyvgs0pb3-awscli2-2.31.39"
        }
      }
    },
    "awscli@latest": {
      "last_modified": "2025-11-23T21:50:36Z",
      "resolved": "github:NixOS/nixpkgs/ee09932cedcef15aaf476f9343d1dea2cb77e261#awscli",
      "source": "devbox-search",
      "version": "1.42.18",
      "systems": {
        "aarch64-darwin": {
          "outputs": [
            {
              "name": "out",
              "path": "/nix/store/2clwsf4dvcdh3p7jzfhpa744j467bh87-awscli-1.42.18",
              "default": true
            },
            {
              "name": "dist",
              "path": "/nix/store/y89wxym3smjws52ddngi8ml283aifv0n-awscli-1.42.18-dist"
            }
          ],
          "store_path": "/nix/store/2clwsf4dvcdh3p7jzfhpa744j467bh87-awscli-1.42.18"
        },
        "aarch64-linux": {
          "outputs": [
            {
              "name": "out",
              "path": "/nix/store/8g9bjs1b1pzfy6v53m4580p3bw6w7rcb-awscli-1.42.18",
              "default": true
            },
            {
              "name": "dist",
              "path": "/nix/store/j7841jck3pspvc6xvy8bg3avggv55d3s-awscli-1.42.18-dist"
            }
          ],
          "store_path": "/nix/store/8g9bjs1b1pzfy6v53m4580p3bw6w7rcb-awscli-1.42.18"
        },
        "x86_64-darwin": {
          "outputs": [
            {
              "name": "out",
              "path": "/nix/store/5vkjqj9fbkay8l7jjkhwnflkbh9qk44l-awscli-1.42.18",
              "default": true
            },
            {
              "name": "dist",
              "path": "/nix/store/06d27cjqr6p9j7lsxql85y75182xrwnx-awscli-1.42.18-dist"
            }
          ],
          "store_path": "/nix/store/5vkjqj9fbkay8l7jjkhwnflkbh9qk44l-awscli-1.42.18"
        },
        "x86_64-linux": {
          "outputs": [
            {
              "name": "out",
              "path": "/nix/store/kv1428ahrpdrgidq8g2g9bj2488n2p1k-awscli-1.42.18",
              "default": true
            },
            {
              "name": "dist",
              "path": "/nix/store/9jrlm8iz2pcgkwp8lxr2ifd9rla0sb3y-awscli-1.42.18-dist"
            }
          ],
          "store_path": "/nix/store/kv1428ahrpdrgidq8g2g9bj2488n2p1k-awscli-1.42.18"
        }
      }
    },
    "git": {
      "resolved": "github:NixOS/nixpkgs/f937f8ecd1c70efd7e9f90ba13dfb400cf559de4?narHash=sha256-4%2FJd%2BLkQ2ssw8luQVkqVs9spDBVE6h%2Fu%2FhC%2FtzngsPo%3D#git",
      "source": "nixpkg",
      "systems": {
        "aarch64-darwin": {
          "outputs": [
            {
              "path": "/nix/store/jn9byxgdjndngf0d2by0djg8gcdll7xc-git-2.50.1",
              "default": true
            }
          ]
        }
      }
    },
    "github:NixOS/nixpkgs/nixpkgs-unstable": {
      "last_modified": "2026-01-11T16:44:50Z",
      "resolved": "github:NixOS/nixpkgs/4d113fe1f7bb454435a5cabae6cd283e64191bb7?lastModified=1768149890"
    },
    "google-cloud-sdk@latest": {
      "last_modified": "2025-12-03T20:43:00Z",
      "resolved": "github:NixOS/nixpkgs/ebc94f855ef25347c314258c10393a92794e7ab9#google-cloud-sdk",
      "source": "devbox-search",
      "version": "548.0.0",
      "systems": {
        "aarch64-darwin": {
          "outputs": [
            {
              "name": "out",
              "path": "/nix/store/47dysafhb5mm3hxkwx6hyxasv05nhxjb-google-cloud-sdk-548.0.0",
              "default": true
            }
          ],
          "store_path": "/nix/store/47dysafhb5mm3hxkwx6hyxasv05nhxjb-google-cloud-sdk-548.0.0"
        },
        "aarch64-linux": {
          "outputs": [
            {
              "name": "out",
              "path": "/nix/store/mri3dcpp8v1a2rdj3899cwywic9x3qz6-google-cloud-sdk-548.0.0",
              "default": true
            }
          ],
          "store_path": "/nix/store/mri3dcpp8v1a2rdj3899cwywic9x3qz6-google-cloud-sdk-548.0.0"
        },
        "x86_64-darwin": {
          "outputs": [
            {
              "name": "out",
              "path": "/nix/store/an736haac0wqqxyg20wwnwf0qywqax0y-google-cloud-sdk-548.0.0",
              "default": true
            }
          ],
          "store_path": "/nix/store/an736haac0wqqxyg20wwnwf0qywqax0y-google-cloud-sdk-548.0.0"
        },
        "x86_64-linux": {
          "outputs": [
            {
              "name": "out",
              "path": "/nix/store/w69yfd51aagvba8lnq8ab556bypmywlq-google-cloud-sdk-548.0.0",
              "default": true
            }
          ],
          "store_path": "/nix/store/w69yfd51aagvba8lnq8ab556bypmywlq-google-cloud-sdk-548.0.0"
        }
      }
    },
    "lastpass-cli": {
      "resolved": "github:NixOS/nixpkgs/32f313e49e42f715491e1ea7b306a87c16fe0388?narHash=sha256-nNaeJjo861wFR0tjHDyCnHs1rbRtrMgxAKMoig9Sj%2Fw%3D#lastpass-cli",
      "source": "nixpkg",
      "systems": {
        "aarch64-darwin": {
          "outputs": [
            {
              "path": "/nix/store/3arlv3ayj1d8hfbhiaa6if6z2ya8c38i-lastpass-cli-1.6.1",
              "default": true
            }
          ]
        }
      }
    },
    "nodejs_20": {
      "plugin_version": "0.0.2",
      "resolved": "github:NixOS/nixpkgs/32f313e49e42f715491e1ea7b306a87c16fe0388?narHash=sha256-nNaeJjo861wFR0tjHDyCnHs1rbRtrMgxAKMoig9Sj%2Fw%3D#nodejs_20",
      "source": "nixpkg",
      "systems": {
        "aarch64-darwin": {
          "outputs": [
            {
              "path": "/nix/store/2xza7g9y47n717w43qdd1ikc0y10qh16-nodejs-20.19.4",
              "default": true
            }
          ]
        }
      }
    },
    "podman@latest": {
      "last_modified": "2025-12-31T03:27:36Z",
      "resolved": "github:NixOS/nixpkgs/f665af0cdb70ed27e1bd8f9fdfecaf451260fc55#podman",
      "source": "devbox-search",
      "version": "5.7.0",
      "systems": {
        "aarch64-darwin": {
          "outputs": [
            {
              "name": "out",
              "path": "/nix/store/1bvhgna90j44xmryswyrq11z64m874cj-podman-5.7.0",
              "default": true
            },
            {
              "name": "man",
              "path": "/nix/store/r01m10f0cv7a061jxw1cdkf107hly2rh-podman-5.7.0-man",
              "default": true
            }
          ],
          "store_path": "/nix/store/1bvhgna90j44xmryswyrq11z64m874cj-podman-5.7.0"
        },
        "aarch64-linux": {
          "outputs": [
            {
              "name": "out",
              "path": "/nix/store/8l8zqw75b70z3pf8f6brqkkbzkfbmbzh-podman-5.7.0",
              "default": true
            },
            {
              "name": "man",
              "path": "/nix/store/1fqbqbckf1z1xm1gs8w5l6w847aj8vxl-podman-5.7.0-man",
              "default": true
            }
          ],
          "store_path": "/nix/store/8l8zqw75b70z3pf8f6brqkkbzkfbmbzh-podman-5.7.0"
        },
        "x86_64-darwin": {
          "outputs": [
            {
              "name": "out",
              "path": "/nix/store/i4nzmqjp8wz3pjzfaiq4d192vs64wzzr-podman-5.7.0",
              "default": true
            },
            {
              "name": "man",
              "path": "/nix/store/g75699dx6xmqq4d45dp573prr2cdyd0v-podman-5.7.0-man",
              "default": true
            }
          ],
          "store_path": "/nix/store/i4nzmqjp8wz3pjzfaiq4d192vs64wzzr-podman-5.7.0"
        },
        "x86_64-linux": {
          "outputs": [
            {
              "name": "out",
              "path": "/nix/store/cybg7qc7ih21l64m5xl0x6rzi0294dfz-podman-5.7.0",
              "default": true
            },
            {
              "name": "man",
              "path": "/nix/store/43kl5ylc6j375ar3pk9b2nwib9cqai4z-podman-5.7.0-man",
              "default": true
            }
          ],
          "store_path": "/nix/store/cybg7qc7ih21l64m5xl0x6rzi0294dfz-podman-5.7.0"
        }
      }
    },
    "python311": {
      "plugin_version": "0.0.4",
      "resolved": "github:NixOS/nixpkgs/32f313e49e42f715491e1ea7b306a87c16fe0388?narHash=sha256-nNaeJjo861wFR0tjHDyCnHs1rbRtrMgxAKMoig9Sj%2Fw%3D#python311",
      "source": "nixpkg",
      "systems": {
        "aarch64-darwin": {
          "outputs": [
            {
              "path": "/nix/store/ifxz6hniba9h7p1lcfi8zd4xpslgsy6x-python3-3.11.13",
              "default": true
            }
          ]
        }
      }
    },
    "python311Packages.pip": {
      "resolved": "github:NixOS/nixpkgs/32f313e49e42f715491e1ea7b306a87c16fe0388?narHash=sha256-nNaeJjo861wFR0tjHDyCnHs1rbRtrMgxAKMoig9Sj%2Fw%3D#python311Packages.pip",
      "source": "nixpkg",
      "systems": {
        "aarch64-darwin": {
          "outputs": [
            {
              "path": "/nix/store/zsphlsi6qzcw2sj9cs4dwhnv8jaap4m7-python3.11-pip-25.0.1",
              "default": true
            },
            {
              "name": "man",
              "path": "/nix/store/nynhwz5s3b2d7j5c7sxw0yx6lmwh51pk-python3.11-pip-25.0.1-man",
              "default": true
            }
          ]
        }
      }
    },
    "python311Packages.virtualenv": {
      "resolved": "github:NixOS/nixpkgs/f937f8ecd1c70efd7e9f90ba13dfb400cf559de4?narHash=sha256-4%2FJd%2BLkQ2ssw8luQVkqVs9spDBVE6h%2Fu%2FhC%2FtzngsPo%3D#python311Packages.virtualenv",
      "source": "nixpkg",
      "systems": {
        "aarch64-darwin": {
          "outputs": [
            {
              "path": "/nix/store/8f8182q3w5x80snwdj34342q1y32f5aj-python3.11-virtualenv-20.31.2",
              "default": true
            }
          ]
        }
      }
    },
    "ruby@3.4.3": {
      "last_modified": "2025-05-16T20:19:48Z",
      "plugin_version": "0.0.2",
      "resolved": "github:NixOS/nixpkgs/12a55407652e04dcf2309436eb06fef0d3713ef3#ruby_3_4",
      "source": "devbox-search",
      "version": "3.4.3",
      "systems": {
        "aarch64-darwin": {
          "outputs": [
            {
              "name": "out",
              "path": "/nix/store/ywv4sfbj2c68akl9w1y788yfx70r8463-ruby-3.4.3",
              "default": true
            },
            {
              "name": "devdoc",
              "path": "/nix/store/xviy4h0g2yv2cx8vldazmmha8zrr499q-ruby-3.4.3-devdoc"
            }
          ],
          "store_path": "/nix/store/ywv4sfbj2c68akl9w1y788yfx70r8463-ruby-3.4.3"
        },
        "aarch64-linux": {
          "outputs": [
            {
              "name": "out",
              "path": "/nix/store/jpq4qpyhggaw5dqkjzzfpmq0lm6dyimy-ruby-3.4.3",
              "default": true
            },
            {
              "name": "devdoc",
              "path": "/nix/store/8b97wr7vglfnncq08lm0v9hx5lxaxjmp-ruby-3.4.3-devdoc"
            }
          ],
          "store_path": "/nix/store/jpq4qpyhggaw5dqkjzzfpmq0lm6dyimy-ruby-3.4.3"
        },
        "x86_64-darwin": {
          "outputs": [
            {
              "name": "out",
              "path": "/nix/store/fmx82fdw69lf5s3islqvxka7p1d9l9mb-ruby-3.4.3",
              "default": true
            },
            {
              "name": "devdoc",
              "path": "/nix/store/8pgzr5askl1x9lmhgwc93mj8yxlfvydm-ruby-3.4.3-devdoc"
            }
          ],
          "store_path": "/nix/store/fmx82fdw69lf5s3islqvxka7p1d9l9mb-ruby-3.4.3"
        },
        "x86_64-linux": {
          "outputs": [
            {
              "name": "out",
              "path": "/nix/store/5yi7qbrqbwqw8h9xjz56rx9904kykjlj-ruby-3.4.3",
              "default": true
            },
            {
              "name": "devdoc",
              "path": "/nix/store/4a0200ccz1igamyciwwp6wpaqbrj7ywc-ruby-3.4.3-devdoc"
            }
          ],
          "store_path": "/nix/store/5yi7qbrqbwqw8h9xjz56rx9904kykjlj-ruby-3.4.3"
        }
      }
    },
    "ruby_3_4@latest": {
      "last_modified": "2025-12-31T03:27:36Z",
      "plugin_version": "0.0.2",
      "resolved": "github:NixOS/nixpkgs/f665af0cdb70ed27e1bd8f9fdfecaf451260fc55#ruby_3_4",
      "source": "devbox-search",
      "version": "3.4.8",
      "systems": {
        "aarch64-darwin": {
          "outputs": [
            {
              "name": "out",
              "path": "/nix/store/wsrnc2byfbi6b7f7igfbpx0l2jbyvdy1-ruby-3.4.8",
              "default": true
            },
            {
              "name": "devdoc",
              "path": "/nix/store/a5ds44bp505kvymhb3kqxlb3cpvmwp2w-ruby-3.4.8-devdoc"
            }
          ],
          "store_path": "/nix/store/wsrnc2byfbi6b7f7igfbpx0l2jbyvdy1-ruby-3.4.8"
        },
        "aarch64-linux": {
          "outputs": [
            {
              "name": "out",
              "path": "/nix/store/azxi2hf2y7yi0pizsanrw2cmh9drhhi3-ruby-3.4.8",
              "default": true
            },
            {
              "name": "devdoc",
              "path": "/nix/store/3l7fhhpshf5hdjnrbpap3y6q0zk98nc8-ruby-3.4.8-devdoc"
            }
          ],
          "store_path": "/nix/store/azxi2hf2y7yi0pizsanrw2cmh9drhhi3-ruby-3.4.8"
        },
        "x86_64-darwin": {
          "outputs": [
            {
              "name": "out",
              "path": "/nix/store/gyksddsdp5zclz5axhaivl75caqs7m37-ruby-3.4.8",
              "default": true
            },
            {
              "name": "devdoc",
              "path": "/nix/store/mc8iqwws2y02cfz9ic5vk577vm2znh30-ruby-3.4.8-devdoc"
            }
          ],
          "store_path": "/nix/store/gyksddsdp5zclz5axhaivl75caqs7m37-ruby-3.4.8"
        },
        "x86_64-linux": {
          "outputs": [
            {
              "name": "out",
              "path": "/nix/store/1861cbsysxfwvg5lbdp61al76dqlw9ih-ruby-3.4.8",
              "default": true
            },
            {
              "name": "devdoc",
              "path": "/nix/store/7h1x2pcpc05h8a0z6qfcyc0pg4da2kqy-ruby-3.4.8-devdoc"
            }
          ],
          "store_path": "/nix/store/1861cbsysxfwvg5lbdp61al76dqlw9ih-ruby-3.4.8"
        }
      }
    }
  }
}
