{
  "lockfile_version": "1",
  "packages": {
    "awscli2": {
      "resolved": "github:NixOS/nixpkgs/32f313e49e42f715491e1ea7b306a87c16fe0388?narHash=sha256-nNaeJjo861wFR0tjHDyCnHs1rbRtrMgxAKMoig9Sj%2Fw%3D#awscli2",
      "source": "nixpkg"
    },
    "github:NixOS/nixpkgs/nixpkgs-unstable": {
      "last_modified": "2025-08-22T02:25:05Z",
      "resolved": "github:NixOS/nixpkgs/f937f8ecd1c70efd7e9f90ba13dfb400cf559de4?lastModified=1755829505&narHash=sha256-4%2FJd%2BLkQ2ssw8luQVkqVs9spDBVE6h%2Fu%2FhC%2FtzngsPo%3D"
    },
    "lastpass-cli": {
      "resolved": "github:NixOS/nixpkgs/32f313e49e42f715491e1ea7b306a87c16fe0388?narHash=sha256-nNaeJjo861wFR0tjHDyCnHs1rbRtrMgxAKMoig9Sj%2Fw%3D#lastpass-cli",
      "source": "nixpkg"
    },
    "nodejs_20": {
      "plugin_version": "0.0.2",
      "resolved": "github:NixOS/nixpkgs/32f313e49e42f715491e1ea7b306a87c16fe0388?narHash=sha256-nNaeJjo861wFR0tjHDyCnHs1rbRtrMgxAKMoig9Sj%2Fw%3D#nodejs_20",
      "source": "nixpkg"
    },
    "python311": {
      "plugin_version": "0.0.4",
      "resolved": "github:NixOS/nixpkgs/32f313e49e42f715491e1ea7b306a87c16fe0388?narHash=sha256-nNaeJjo861wFR0tjHDyCnHs1rbRtrMgxAKMoig9Sj%2Fw%3D#python311",
      "source": "nixpkg"
    },
    "python311Packages.pip": {
      "resolved": "github:NixOS/nixpkgs/32f313e49e42f715491e1ea7b306a87c16fe0388?narHash=sha256-nNaeJjo861wFR0tjHDyCnHs1rbRtrMgxAKMoig9Sj%2Fw%3D#python311Packages.pip",
      "source": "nixpkg"
    },
    "ruby_3_2": {
      "plugin_version": "0.0.2",
      "resolved": "github:NixOS/nixpkgs/32f313e49e42f715491e1ea7b306a87c16fe0388?narHash=sha256-nNaeJjo861wFR0tjHDyCnHs1rbRtrMgxAKMoig9Sj%2Fw%3D#ruby_3_2",
      "source": "nixpkg"
    }
  }
}
