{
  "lockfile_version": "1",
  "packages": {
    "awscli2": {
      "resolved": "github:NixOS/nixpkgs/32f313e49e42f715491e1ea7b306a87c16fe0388?narHash=sha256-nNaeJjo861wFR0tjHDyCnHs1rbRtrMgxAKMoig9Sj%2Fw%3D#awscli2",
      "source": "nixpkg",
      "systems": {
        "aarch64-darwin": {
          "outputs": [
            {
              "path": "/nix/store/jg3mq99j92671mkxsv2y595mhz1idm0z-awscli2-2.28.1",
              "default": true
            }
          ]
        }
      }
    },
    "git": {
      "resolved": "github:NixOS/nixpkgs/f937f8ecd1c70efd7e9f90ba13dfb400cf559de4?narHash=sha256-4%2FJd%2BLkQ2ssw8luQVkqVs9spDBVE6h%2Fu%2FhC%2FtzngsPo%3D#git",
      "source": "nixpkg",
      "systems": {
        "aarch64-darwin": {
          "outputs": [
            {
              "path": "/nix/store/jn9byxgdjndngf0d2by0djg8gcdll7xc-git-2.50.1",
              "default": true
            }
          ]
        }
      }
    },
    "github:NixOS/nixpkgs/nixpkgs-unstable": {
      "last_modified": "2025-08-29T03:42:44Z",
      "resolved": "github:NixOS/nixpkgs/c73522789a3c7552b1122773d6eaa34e1491cc1c?lastModified=1756438964&narHash=sha256-yo473URkISSmBZeIE1o6Mf94VRSn5qFVFS9phb7l6eg%3D"
    },
    "lastpass-cli": {
      "resolved": "github:NixOS/nixpkgs/32f313e49e42f715491e1ea7b306a87c16fe0388?narHash=sha256-nNaeJjo861wFR0tjHDyCnHs1rbRtrMgxAKMoig9Sj%2Fw%3D#lastpass-cli",
      "source": "nixpkg",
      "systems": {
        "aarch64-darwin": {
          "outputs": [
            {
              "path": "/nix/store/3arlv3ayj1d8hfbhiaa6if6z2ya8c38i-lastpass-cli-1.6.1",
              "default": true
            }
          ]
        }
      }
    },
    "nodejs_20": {
      "plugin_version": "0.0.2",
      "resolved": "github:NixOS/nixpkgs/32f313e49e42f715491e1ea7b306a87c16fe0388?narHash=sha256-nNaeJjo861wFR0tjHDyCnHs1rbRtrMgxAKMoig9Sj%2Fw%3D#nodejs_20",
      "source": "nixpkg",
      "systems": {
        "aarch64-darwin": {
          "outputs": [
            {
              "path": "/nix/store/2xza7g9y47n717w43qdd1ikc0y10qh16-nodejs-20.19.4",
              "default": true
            }
          ]
        }
      }
    },
    "python311": {
      "plugin_version": "0.0.4",
      "resolved": "github:NixOS/nixpkgs/32f313e49e42f715491e1ea7b306a87c16fe0388?narHash=sha256-nNaeJjo861wFR0tjHDyCnHs1rbRtrMgxAKMoig9Sj%2Fw%3D#python311",
      "source": "nixpkg",
      "systems": {
        "aarch64-darwin": {
          "outputs": [
            {
              "path": "/nix/store/ifxz6hniba9h7p1lcfi8zd4xpslgsy6x-python3-3.11.13",
              "default": true
            }
          ]
        }
      }
    },
    "python311Packages.pip": {
      "resolved": "github:NixOS/nixpkgs/32f313e49e42f715491e1ea7b306a87c16fe0388?narHash=sha256-nNaeJjo861wFR0tjHDyCnHs1rbRtrMgxAKMoig9Sj%2Fw%3D#python311Packages.pip",
      "source": "nixpkg",
      "systems": {
        "aarch64-darwin": {
          "outputs": [
            {
              "name": "man",
              "path": "/nix/store/nynhwz5s3b2d7j5c7sxw0yx6lmwh51pk-python3.11-pip-25.0.1-man",
              "default": true
            },
            {
              "path": "/nix/store/zsphlsi6qzcw2sj9cs4dwhnv8jaap4m7-python3.11-pip-25.0.1",
              "default": true
            }
          ]
        }
      }
    },
    "python311Packages.virtualenv": {
      "resolved": "github:NixOS/nixpkgs/f937f8ecd1c70efd7e9f90ba13dfb400cf559de4?narHash=sha256-4%2FJd%2BLkQ2ssw8luQVkqVs9spDBVE6h%2Fu%2FhC%2FtzngsPo%3D#python311Packages.virtualenv",
      "source": "nixpkg",
      "systems": {
        "aarch64-darwin": {
          "outputs": [
            {
              "path": "/nix/store/8f8182q3w5x80snwdj34342q1y32f5aj-python3.11-virtualenv-20.31.2",
              "default": true
            }
          ]
        }
      }
    },
    "ruby_3_2": {
      "plugin_version": "0.0.2",
      "resolved": "github:NixOS/nixpkgs/32f313e49e42f715491e1ea7b306a87c16fe0388?narHash=sha256-nNaeJjo861wFR0tjHDyCnHs1rbRtrMgxAKMoig9Sj%2Fw%3D#ruby_3_2",
      "source": "nixpkg",
      "systems": {
        "aarch64-darwin": {
          "outputs": [
            {
              "path": "/nix/store/x3zvzy8w0r1kd37kyjcx2i3rvcqplmp9-ruby-3.2.8",
              "default": true
            }
          ]
        }
      }
    }
  }
}
